
Microsoft Visual Studio Solution File, Format Version 12.00
# Visual Studio Version 16
VisualStudioVersion = 16.0.29519.181
MinimumVisualStudioVersion = 10.0.40219.1
Project("{8BC9CEB8-8B4A-11D0-8D11-00A0C91BC942}") = "cp2", "cp2\cp2.vcxproj", "{2C2B0C1D-D48A-44A9-A3F0-66EC2A09B1DB}"
EndProject
Global
	GlobalSection(SolutionConfigurationPlatforms) = preSolution
		Debug|x64 = Debug|x64
		Debug|x86 = Debug|x86
		Release|x64 = Release|x64
		Release|x86 = Release|x86
	EndGlobalSection
	GlobalSection(ProjectConfigurationPlatforms) = postSolution
		{2C2B0C1D-D48A-44A9-A3F0-66EC2A09B1DB}.Debug|x64.ActiveCfg = Debug|x64
		{2C2B0C1D-D48A-44A9-A3F0-66EC2A09B1DB}.Debug|x64.Build.0 = Debug|x64
		{2C2B0C1D-D48A-44A9-A3F0-66EC2A09B1DB}.Debug|x86.ActiveCfg = Debug|Win32
		{2C2B0C1D-D48A-44A9-A3F0-66EC2A09B1DB}.Debug|x86.Build.0 = Debug|Win32
		{2C2B0C1D-D48A-44A9-A3F0-66EC2A09B1DB}.Release|x64.ActiveCfg = Release|x64
		{2C2B0C1D-D48A-44A9-A3F0-66EC2A09B1DB}.Release|x64.Build.0 = Release|x64
		{2C2B0C1D-D48A-44A9-A3F0-66EC2A09B1DB}.Release|x86.ActiveCfg = Release|Win32
		{2C2B0C1D-D48A-44A9-A3F0-66EC2A09B1DB}.Release|x86.Build.0 = Release|Win32
	EndGlobalSection
	GlobalSection(SolutionProperties) = preSolution
		HideSolutionNode = FALSE
	EndGlobalSection
	GlobalSection(ExtensibilityGlobals) = postSolution
		SolutionGuid = {641FF938-9373-4C15-9ADA-8F2085A1D281}
	EndGlobalSection
EndGlobal
